version = 1
revision = 2
requires-python = ">=3.12"

[[package]]
name = "family-tree"
version = "0.1.0"
source = { virtual = "." }
dependencies = [
    { name = "torcheval" },
]

[package.metadata]
requires-dist = [{ name = "torcheval", specifier = ">=0.0.7" }]

[[package]]
name = "torcheval"
version = "0.0.7"
source = { registry = "https://pypi.org/simple" }
dependencies = [
    { name = "typing-extensions" },
]
sdist = { url = "https://files.pythonhosted.org/packages/f2/65/8f895a132d385c3bc60023a45501637aff63b98629cf45ce47a2035c0cc3/torcheval-0.0.7.tar.gz", hash = "sha256:a498dec34137bc66c9cf1adc7353a46c604dd62255884c72dcb4e2e4fc2cd7e9", size = 100912, upload-time = "2023-08-24T22:12:44.683Z" }
wheels = [
    { url = "https://files.pythonhosted.org/packages/e4/de/e7abc784b00de9d05999657d29187f1f7a3406ed10ecaf164de06482608f/torcheval-0.0.7-py3-none-any.whl", hash = "sha256:20cc34dac7aa9b32f942c8a9f014d1d02098631b6cd0b102c078600577017956", size = 179200, upload-time = "2023-08-24T22:12:42.874Z" },
]

[[package]]
name = "typing-extensions"
version = "4.14.1"
source = { registry = "https://pypi.org/simple" }
sdist = { url = "https://files.pythonhosted.org/packages/98/5a/da40306b885cc8c09109dc2e1abd358d5684b1425678151cdaed4731c822/typing_extensions-4.14.1.tar.gz", hash = "sha256:38b39f4aeeab64884ce9f74c94263ef78f3c22467c8724005483154c26648d36", size = 107673, upload-time = "2025-07-04T13:28:34.16Z" }
wheels = [
    { url = "https://files.pythonhosted.org/packages/b5/00/d631e67a838026495268c2f6884f3711a15a9a2a96cd244fdaea53b823fb/typing_extensions-4.14.1-py3-none-any.whl", hash = "sha256:d1e1e3b58374dc93031d6eda2420a48ea44a36c2b4766a4fdeb3710755731d76", size = 43906, upload-time = "2025-07-04T13:28:32.743Z" },
]
